
Microsoft Visual Studio Solution File, Format Version 12.00
# Visual Studio Version 17
VisualStudioVersion = 17.11.35017.193
MinimumVisualStudioVersion = 10.0.40219.1
Project("{FAE04EC0-301F-11D3-BF4B-00C04F79EFBC}") = "Controllers", "Controllers.csproj", "{5E751FA3-3A1A-4DB2-9D6C-7556A26896D4}"
EndProject
Global
	GlobalSection(SolutionConfigurationPlatforms) = preSolution
		Debug|Any CPU = Debug|Any CPU
		Release|Any CPU = Release|Any CPU
	EndGlobalSection
	GlobalSection(ProjectConfigurationPlatforms) = postSolution
		{5E751FA3-3A1A-4DB2-9D6C-7556A26896D4}.Debug|Any CPU.ActiveCfg = Debug|Any CPU
		{5E751FA3-3A1A-4DB2-9D6C-7556A26896D4}.Debug|Any CPU.Build.0 = Debug|Any CPU
		{5E751FA3-3A1A-4DB2-9D6C-7556A26896D4}.Release|Any CPU.ActiveCfg = Release|Any CPU
		{5E751FA3-3A1A-4DB2-9D6C-7556A26896D4}.Release|Any CPU.Build.0 = Release|Any CPU
	EndGlobalSection
	GlobalSection(SolutionProperties) = preSolution
		HideSolutionNode = FALSE
	EndGlobalSection
	GlobalSection(ExtensibilityGlobals) = postSolution
		SolutionGuid = {F880A541-8622-40FA-BC42-C7D0940070D2}
	EndGlobalSection
EndGlobal
